
Microsoft Visual Studio Solution File, Format Version 12.00
Project("{FAE04EC0-301F-11D3-BF4B-00C04F79EFBC}") = "Angle", "Angle\Angle.csproj", "{20B21BFE-5CAD-40C4-980E-B7DF4B7BEFB0}"
EndProject
Project("{FAE04EC0-301F-11D3-BF4B-00C04F79EFBC}") = "AngleTests", "AngleTests\AngleTests.csproj", "{CB224430-FB54-4135-8DF6-DEEEA46B1D00}"
EndProject
Global
	GlobalSection(SolutionConfigurationPlatforms) = preSolution
		Debug|Any CPU = Debug|Any CPU
		Release|Any CPU = Release|Any CPU
	EndGlobalSection
	GlobalSection(ProjectConfigurationPlatforms) = postSolution
		{20B21BFE-5CAD-40C4-980E-B7DF4B7BEFB0}.Debug|Any CPU.ActiveCfg = Debug|Any CPU
		{20B21BFE-5CAD-40C4-980E-B7DF4B7BEFB0}.Debug|Any CPU.Build.0 = Debug|Any CPU
		{20B21BFE-5CAD-40C4-980E-B7DF4B7BEFB0}.Release|Any CPU.ActiveCfg = Release|Any CPU
		{20B21BFE-5CAD-40C4-980E-B7DF4B7BEFB0}.Release|Any CPU.Build.0 = Release|Any CPU
		{CB224430-FB54-4135-8DF6-DEEEA46B1D00}.Debug|Any CPU.ActiveCfg = Debug|Any CPU
		{CB224430-FB54-4135-8DF6-DEEEA46B1D00}.Debug|Any CPU.Build.0 = Debug|Any CPU
		{CB224430-FB54-4135-8DF6-DEEEA46B1D00}.Release|Any CPU.ActiveCfg = Release|Any CPU
		{CB224430-FB54-4135-8DF6-DEEEA46B1D00}.Release|Any CPU.Build.0 = Release|Any CPU
	EndGlobalSection
EndGlobal
